
Microsoft Visual Studio Solution File, Format Version 12.00
# Visual Studio Version 17
VisualStudioVersion = 17.5.33516.290
MinimumVisualStudioVersion = 10.0.40219.1
Project("{FAE04EC0-301F-11D3-BF4B-00C04F79EFBC}") = "SwitchCase", "SwitchCase\SwitchCase.csproj", "{9422C693-3FFD-4475-BCC3-52C8B3ABB46C}"
EndProject
Global
	GlobalSection(SolutionConfigurationPlatforms) = preSolution
		Debug|Any CPU = Debug|Any CPU
		Release|Any CPU = Release|Any CPU
	EndGlobalSection
	GlobalSection(ProjectConfigurationPlatforms) = postSolution
		{9422C693-3FFD-4475-BCC3-52C8B3ABB46C}.Debug|Any CPU.ActiveCfg = Debug|Any CPU
		{9422C693-3FFD-4475-BCC3-52C8B3ABB46C}.Debug|Any CPU.Build.0 = Debug|Any CPU
		{9422C693-3FFD-4475-BCC3-52C8B3ABB46C}.Release|Any CPU.ActiveCfg = Release|Any CPU
		{9422C693-3FFD-4475-BCC3-52C8B3ABB46C}.Release|Any CPU.Build.0 = Release|Any CPU
	EndGlobalSection
	GlobalSection(SolutionProperties) = preSolution
		HideSolutionNode = FALSE
	EndGlobalSection
	GlobalSection(ExtensibilityGlobals) = postSolution
		SolutionGuid = {AD16649D-E079-437A-9EA8-945EC34EBD45}
	EndGlobalSection
EndGlobal
