
Microsoft Visual Studio Solution File, Format Version 12.00
# Visual Studio Version 17
VisualStudioVersion = 17.5.33516.290
MinimumVisualStudioVersion = 10.0.40219.1
Project("{FAE04EC0-301F-11D3-BF4B-00C04F79EFBC}") = "İkiSayıToplamıFarkıCarpımıBolumu", "İkiSayıToplamıFarkıCarpımıBolumu.csproj", "{4AC4E69B-3679-4DC6-8191-DF58B2D220DD}"
EndProject
Global
	GlobalSection(SolutionConfigurationPlatforms) = preSolution
		Debug|Any CPU = Debug|Any CPU
		Release|Any CPU = Release|Any CPU
	EndGlobalSection
	GlobalSection(ProjectConfigurationPlatforms) = postSolution
		{4AC4E69B-3679-4DC6-8191-DF58B2D220DD}.Debug|Any CPU.ActiveCfg = Debug|Any CPU
		{4AC4E69B-3679-4DC6-8191-DF58B2D220DD}.Debug|Any CPU.Build.0 = Debug|Any CPU
		{4AC4E69B-3679-4DC6-8191-DF58B2D220DD}.Release|Any CPU.ActiveCfg = Release|Any CPU
		{4AC4E69B-3679-4DC6-8191-DF58B2D220DD}.Release|Any CPU.Build.0 = Release|Any CPU
	EndGlobalSection
	GlobalSection(SolutionProperties) = preSolution
		HideSolutionNode = FALSE
	EndGlobalSection
	GlobalSection(ExtensibilityGlobals) = postSolution
		SolutionGuid = {C3F99B22-801E-4241-A4DF-CEFE8610DE0F}
	EndGlobalSection
EndGlobal
